
Microsoft Visual Studio Solution File, Format Version 12.00
# Visual Studio Version 17
VisualStudioVersion = 17.3.32901.215
MinimumVisualStudioVersion = 10.0.40219.1
Project("{FAE04EC0-301F-11D3-BF4B-00C04F79EFBC}") = "Exe_5", "Exe_5\Exe_5.csproj", "{1C4CDA6B-323C-4EB9-868B-2A37D05D0A97}"
EndProject
Global
	GlobalSection(SolutionConfigurationPlatforms) = preSolution
		Debug|Any CPU = Debug|Any CPU
		Release|Any CPU = Release|Any CPU
	EndGlobalSection
	GlobalSection(ProjectConfigurationPlatforms) = postSolution
		{1C4CDA6B-323C-4EB9-868B-2A37D05D0A97}.Debug|Any CPU.ActiveCfg = Debug|Any CPU
		{1C4CDA6B-323C-4EB9-868B-2A37D05D0A97}.Debug|Any CPU.Build.0 = Debug|Any CPU
		{1C4CDA6B-323C-4EB9-868B-2A37D05D0A97}.Release|Any CPU.ActiveCfg = Release|Any CPU
		{1C4CDA6B-323C-4EB9-868B-2A37D05D0A97}.Release|Any CPU.Build.0 = Release|Any CPU
	EndGlobalSection
	GlobalSection(SolutionProperties) = preSolution
		HideSolutionNode = FALSE
	EndGlobalSection
	GlobalSection(ExtensibilityGlobals) = postSolution
		SolutionGuid = {E0FB6D97-D09F-4655-A711-7F7DCCECF2D7}
	EndGlobalSection
EndGlobal
